
Microsoft Visual Studio Solution File, Format Version 12.00
# Visual Studio Version 17
VisualStudioVersion = 17.11.35327.3
MinimumVisualStudioVersion = 10.0.40219.1
Project("{2150E333-8FDC-42A3-9474-1A3956D46DE8}") = "Core", "Core", "{5446FFF0-483B-47C0-AD65-D4E99B454CAF}"
EndProject
Project("{FAE04EC0-301F-11D3-BF4B-00C04F79EFBC}") = "MessageApp.Domain", "Core\MessageApp.Domain\MessageApp.Domain.csproj", "{A1F86A66-DA86-4524-A819-0EB9C1F9F260}"
EndProject
Project("{FAE04EC0-301F-11D3-BF4B-00C04F79EFBC}") = "MessageApp.Application", "Core\MessageApp.Application\MessageApp.Application.csproj", "{CB44314A-E724-435B-9567-294ABEDD7A31}"
EndProject
Project("{2150E333-8FDC-42A3-9474-1A3956D46DE8}") = "Infrastructure", "Infrastructure", "{DB21EACE-4592-4CA1-8CA6-3971EC708530}"
EndProject
Project("{FAE04EC0-301F-11D3-BF4B-00C04F79EFBC}") = "MessageApp.Infrastructure", "Infrastructure\MessageApp.Infrastructure\MessageApp.Infrastructure.csproj", "{A9FA6481-EAB8-40A8-9745-2AA4841024B4}"
EndProject
Project("{FAE04EC0-301F-11D3-BF4B-00C04F79EFBC}") = "MessageApp.Persistence", "Infrastructure\MessageApp.Persistence\MessageApp.Persistence.csproj", "{5AFBCC78-6DD1-41B0-9927-49990B141517}"
EndProject
Project("{2150E333-8FDC-42A3-9474-1A3956D46DE8}") = "Presentation", "Presentation", "{5AE9C2D3-D0E5-414E-9E92-25A442D85AD7}"
EndProject
Project("{FAE04EC0-301F-11D3-BF4B-00C04F79EFBC}") = "MessageApp.API", "Presentation\MessageApp.API\MessageApp.API.csproj", "{3AEC79D7-478B-433E-B0B4-52FD33DEAA35}"
EndProject
Global
	GlobalSection(SolutionConfigurationPlatforms) = preSolution
		Debug|Any CPU = Debug|Any CPU
		Release|Any CPU = Release|Any CPU
	EndGlobalSection
	GlobalSection(ProjectConfigurationPlatforms) = postSolution
		{A1F86A66-DA86-4524-A819-0EB9C1F9F260}.Debug|Any CPU.ActiveCfg = Debug|Any CPU
		{A1F86A66-DA86-4524-A819-0EB9C1F9F260}.Debug|Any CPU.Build.0 = Debug|Any CPU
		{A1F86A66-DA86-4524-A819-0EB9C1F9F260}.Release|Any CPU.ActiveCfg = Release|Any CPU
		{A1F86A66-DA86-4524-A819-0EB9C1F9F260}.Release|Any CPU.Build.0 = Release|Any CPU
		{CB44314A-E724-435B-9567-294ABEDD7A31}.Debug|Any CPU.ActiveCfg = Debug|Any CPU
		{CB44314A-E724-435B-9567-294ABEDD7A31}.Debug|Any CPU.Build.0 = Debug|Any CPU
		{CB44314A-E724-435B-9567-294ABEDD7A31}.Release|Any CPU.ActiveCfg = Release|Any CPU
		{CB44314A-E724-435B-9567-294ABEDD7A31}.Release|Any CPU.Build.0 = Release|Any CPU
		{A9FA6481-EAB8-40A8-9745-2AA4841024B4}.Debug|Any CPU.ActiveCfg = Debug|Any CPU
		{A9FA6481-EAB8-40A8-9745-2AA4841024B4}.Debug|Any CPU.Build.0 = Debug|Any CPU
		{A9FA6481-EAB8-40A8-9745-2AA4841024B4}.Release|Any CPU.ActiveCfg = Release|Any CPU
		{A9FA6481-EAB8-40A8-9745-2AA4841024B4}.Release|Any CPU.Build.0 = Release|Any CPU
		{5AFBCC78-6DD1-41B0-9927-49990B141517}.Debug|Any CPU.ActiveCfg = Debug|Any CPU
		{5AFBCC78-6DD1-41B0-9927-49990B141517}.Debug|Any CPU.Build.0 = Debug|Any CPU
		{5AFBCC78-6DD1-41B0-9927-49990B141517}.Release|Any CPU.ActiveCfg = Release|Any CPU
		{5AFBCC78-6DD1-41B0-9927-49990B141517}.Release|Any CPU.Build.0 = Release|Any CPU
		{3AEC79D7-478B-433E-B0B4-52FD33DEAA35}.Debug|Any CPU.ActiveCfg = Debug|Any CPU
		{3AEC79D7-478B-433E-B0B4-52FD33DEAA35}.Debug|Any CPU.Build.0 = Debug|Any CPU
		{3AEC79D7-478B-433E-B0B4-52FD33DEAA35}.Release|Any CPU.ActiveCfg = Release|Any CPU
		{3AEC79D7-478B-433E-B0B4-52FD33DEAA35}.Release|Any CPU.Build.0 = Release|Any CPU
	EndGlobalSection
	GlobalSection(SolutionProperties) = preSolution
		HideSolutionNode = FALSE
	EndGlobalSection
	GlobalSection(NestedProjects) = preSolution
		{A1F86A66-DA86-4524-A819-0EB9C1F9F260} = {5446FFF0-483B-47C0-AD65-D4E99B454CAF}
		{CB44314A-E724-435B-9567-294ABEDD7A31} = {5446FFF0-483B-47C0-AD65-D4E99B454CAF}
		{A9FA6481-EAB8-40A8-9745-2AA4841024B4} = {DB21EACE-4592-4CA1-8CA6-3971EC708530}
		{5AFBCC78-6DD1-41B0-9927-49990B141517} = {DB21EACE-4592-4CA1-8CA6-3971EC708530}
		{3AEC79D7-478B-433E-B0B4-52FD33DEAA35} = {5AE9C2D3-D0E5-414E-9E92-25A442D85AD7}
	EndGlobalSection
	GlobalSection(ExtensibilityGlobals) = postSolution
		SolutionGuid = {C007F36D-3459-4106-9EDE-A83A0AF7FA03}
	EndGlobalSection
EndGlobal
